// !$*UTF8*$!
{
	archiveVersion = 1;
	classes = {
	};
	objectVersion = 48;
	objects = {

/* Begin PBXBuildFile section */
		74A51684D2791A172A0BEE37 /* Pods_Todoey.framework in Frameworks */ = {isa = PBXBuildFile; fileRef = FC82D15A185B5CB2A3699D37 /* Pods_Todoey.framework */; };
		9339233B200DFC390070893A /* DataModel.xcdatamodeld in Sources */ = {isa = PBXBuildFile; fileRef = 93392339200DFC390070893A /* DataModel.xcdatamodeld */; };
		9373C896200F86B80066CF61 /* CategoryViewController.swift in Sources */ = {isa = PBXBuildFile; fileRef = 9373C895200F86B80066CF61 /* CategoryViewController.swift */; };
		CB7B76CC20065B8800AFE252 /* AppDelegate.swift in Sources */ = {isa = PBXBuildFile; fileRef = CB7B76CB20065B8800AFE252 /* AppDelegate.swift */; };
		CB7B76CE20065B8800AFE252 /* TodoListViewController.swift in Sources */ = {isa = PBXBuildFile; fileRef = CB7B76CD20065B8800AFE252 /* TodoListViewController.swift */; };
		CB7B76D120065B8800AFE252 /* Main.storyboard in Resources */ = {isa = PBXBuildFile; fileRef = CB7B76CF20065B8800AFE252 /* Main.storyboard */; };
		CB7B76D320065B8800AFE252 /* Assets.xcassets in Resources */ = {isa = PBXBuildFile; fileRef = CB7B76D220065B8800AFE252 /* Assets.xcassets */; };
		CB7B76D620065B8800AFE252 /* LaunchScreen.storyboard in Resources */ = {isa = PBXBuildFile; fileRef = CB7B76D420065B8800AFE252 /* LaunchScreen.storyboard */; };
/* End PBXBuildFile section */

/* Begin PBXFileReference section */
		2AD2C3AD54CABF8B142CB2DE /* Pods-Todoey.debug.xcconfig */ = {isa = PBXFileReference; includeInIndex = 1; lastKnownFileType = text.xcconfig; name = "Pods-Todoey.debug.xcconfig"; path = "Pods/Target Support Files/Pods-Todoey/Pods-Todoey.debug.xcconfig"; sourceTree = "<group>"; };
		9339233A200DFC390070893A /* DataModel.xcdatamodel */ = {isa = PBXFileReference; lastKnownFileType = wrapper.xcdatamodel; path = DataModel.xcdatamodel; sourceTree = "<group>"; };
		9373C895200F86B80066CF61 /* CategoryViewController.swift */ = {isa = PBXFileReference; lastKnownFileType = sourcecode.swift; name = CategoryViewController.swift; path = Todoey/Contollers/CategoryViewController.swift; sourceTree = SOURCE_ROOT; };
		B00F83FCEA8994E657B075AA /* Pods-Todoey.release.xcconfig */ = {isa = PBXFileReference; includeInIndex = 1; lastKnownFileType = text.xcconfig; name = "Pods-Todoey.release.xcconfig"; path = "Pods/Target Support Files/Pods-Todoey/Pods-Todoey.release.xcconfig"; sourceTree = "<group>"; };
		CB7B76C820065B8800AFE252 /* Todoey.app */ = {isa = PBXFileReference; explicitFileType = wrapper.application; includeInIndex = 0; path = Todoey.app; sourceTree = BUILT_PRODUCTS_DIR; };
		CB7B76CB20065B8800AFE252 /* AppDelegate.swift */ = {isa = PBXFileReference; lastKnownFileType = sourcecode.swift; path = AppDelegate.swift; sourceTree = "<group>"; };
		CB7B76CD20065B8800AFE252 /* TodoListViewController.swift */ = {isa = PBXFileReference; lastKnownFileType = sourcecode.swift; path = TodoListViewController.swift; sourceTree = "<group>"; };
		CB7B76D020065B8800AFE252 /* Base */ = {isa = PBXFileReference; lastKnownFileType = file.storyboard; name = Base; path = Base.lproj/Main.storyboard; sourceTree = "<group>"; };
		CB7B76D220065B8800AFE252 /* Assets.xcassets */ = {isa = PBXFileReference; lastKnownFileType = folder.assetcatalog; path = Assets.xcassets; sourceTree = "<group>"; };
		CB7B76D520065B8800AFE252 /* Base */ = {isa = PBXFileReference; lastKnownFileType = file.storyboard; name = Base; path = Base.lproj/LaunchScreen.storyboard; sourceTree = "<group>"; };
		CB7B76D720065B8800AFE252 /* Info.plist */ = {isa = PBXFileReference; lastKnownFileType = text.plist.xml; path = Info.plist; sourceTree = "<group>"; };
		FC82D15A185B5CB2A3699D37 /* Pods_Todoey.framework */ = {isa = PBXFileReference; explicitFileType = wrapper.framework; includeInIndex = 0; path = Pods_Todoey.framework; sourceTree = BUILT_PRODUCTS_DIR; };
/* End PBXFileReference section */

/* Begin PBXFrameworksBuildPhase section */
		CB7B76C520065B8800AFE252 /* Frameworks */ = {
			isa = PBXFrameworksBuildPhase;
			buildActionMask = 2147483647;
			files = (
				74A51684D2791A172A0BEE37 /* Pods_Todoey.framework in Frameworks */,
			);
			runOnlyForDeploymentPostprocessing = 0;
		};
/* End PBXFrameworksBuildPhase section */

/* Begin PBXGroup section */
		7F32B206A36DF63396CFE004 /* Pods */ = {
			isa = PBXGroup;
			children = (
				2AD2C3AD54CABF8B142CB2DE /* Pods-Todoey.debug.xcconfig */,
				B00F83FCEA8994E657B075AA /* Pods-Todoey.release.xcconfig */,
			);
			name = Pods;
			sourceTree = "<group>";
		};
		CB41B14B2008BCA100E4DB57 /* Data Model */ = {
			isa = PBXGroup;
			children = (
				93392339200DFC390070893A /* DataModel.xcdatamodeld */,
			);
			path = "Data Model";
			sourceTree = "<group>";
		};
		CB41B14C2008BCDB00E4DB57 /* Contollers */ = {
			isa = PBXGroup;
			children = (
				9373C895200F86B80066CF61 /* CategoryViewController.swift */,
				CB7B76CD20065B8800AFE252 /* TodoListViewController.swift */,
			);
			path = Contollers;
			sourceTree = "<group>";
		};
		CB41B14D2008BD2A00E4DB57 /* Views */ = {
			isa = PBXGroup;
			children = (
				CB7B76CF20065B8800AFE252 /* Main.storyboard */,
			);
			path = Views;
			sourceTree = "<group>";
		};
		CB41B14E2008BD5200E4DB57 /* Supporting Files */ = {
			isa = PBXGroup;
			children = (
				CB7B76D220065B8800AFE252 /* Assets.xcassets */,
				CB7B76D420065B8800AFE252 /* LaunchScreen.storyboard */,
			);
			path = "Supporting Files";
			sourceTree = "<group>";
		};
		CB7B76BF20065B8800AFE252 = {
			isa = PBXGroup;
			children = (
				CB7B76CA20065B8800AFE252 /* Todoey */,
				CB7B76C920065B8800AFE252 /* Products */,
				7F32B206A36DF63396CFE004 /* Pods */,
				DF770B128FD1100B008D3911 /* Frameworks */,
			);
			sourceTree = "<group>";
		};
		CB7B76C920065B8800AFE252 /* Products */ = {
			isa = PBXGroup;
			children = (
				CB7B76C820065B8800AFE252 /* Todoey.app */,
			);
			name = Products;
			sourceTree = "<group>";
		};
		CB7B76CA20065B8800AFE252 /* Todoey */ = {
			isa = PBXGroup;
			children = (
				CB7B76CB20065B8800AFE252 /* AppDelegate.swift */,
				CB41B14C2008BCDB00E4DB57 /* Contollers */,
				CB41B14B2008BCA100E4DB57 /* Data Model */,
				CB41B14D2008BD2A00E4DB57 /* Views */,
				CB41B14E2008BD5200E4DB57 /* Supporting Files */,
				CB7B76D720065B8800AFE252 /* Info.plist */,
			);
			path = Todoey;
			sourceTree = "<group>";
		};
		DF770B128FD1100B008D3911 /* Frameworks */ = {
			isa = PBXGroup;
			children = (
				FC82D15A185B5CB2A3699D37 /* Pods_Todoey.framework */,
			);
			name = Frameworks;
			sourceTree = "<group>";
		};
/* End PBXGroup section */

/* Begin PBXNativeTarget section */
		CB7B76C720065B8800AFE252 /* Todoey */ = {
			isa = PBXNativeTarget;
			buildConfigurationList = CB7B76DA20065B8800AFE252 /* Build configuration list for PBXNativeTarget "Todoey" */;
			buildPhases = (
				9883AD77E50AF7E94ADDD567 /* [CP] Check Pods Manifest.lock */,
				CB7B76C420065B8800AFE252 /* Sources */,
				CB7B76C520065B8800AFE252 /* Frameworks */,
				CB7B76C620065B8800AFE252 /* Resources */,
				5EBA3800EECDE8821A45CE51 /* [CP] Embed Pods Frameworks */,
				8EC4554C294B6ED59515B491 /* [CP] Copy Pods Resources */,
			);
			buildRules = (
			);
			dependencies = (
			);
			name = Todoey;
			productName = Todoey;
			productReference = CB7B76C820065B8800AFE252 /* Todoey.app */;
			productType = "com.apple.product-type.application";
		};
/* End PBXNativeTarget section */

/* Begin PBXProject section */
		CB7B76C020065B8800AFE252 /* Project object */ = {
			isa = PBXProject;
			attributes = {
				LastSwiftUpdateCheck = 0920;
				LastUpgradeCheck = 0920;
				ORGANIZATIONNAME = "Pavel Yurkov";
				TargetAttributes = {
					CB7B76C720065B8800AFE252 = {
						CreatedOnToolsVersion = 9.2;
						ProvisioningStyle = Automatic;
					};
				};
			};
			buildConfigurationList = CB7B76C320065B8800AFE252 /* Build configuration list for PBXProject "Todoey" */;
			compatibilityVersion = "Xcode 8.0";
			developmentRegion = en;
			hasScannedForEncodings = 0;
			knownRegions = (
				en,
				Base,
			);
			mainGroup = CB7B76BF20065B8800AFE252;
			productRefGroup = CB7B76C920065B8800AFE252 /* Products */;
			projectDirPath = "";
			projectRoot = "";
			targets = (
				CB7B76C720065B8800AFE252 /* Todoey */,
			);
		};
/* End PBXProject section */

/* Begin PBXResourcesBuildPhase section */
		CB7B76C620065B8800AFE252 /* Resources */ = {
			isa = PBXResourcesBuildPhase;
			buildActionMask = 2147483647;
			files = (
				CB7B76D620065B8800AFE252 /* LaunchScreen.storyboard in Resources */,
				CB7B76D320065B8800AFE252 /* Assets.xcassets in Resources */,
				CB7B76D120065B8800AFE252 /* Main.storyboard in Resources */,
			);
			runOnlyForDeploymentPostprocessing = 0;
		};
/* End PBXResourcesBuildPhase section */

/* Begin PBXShellScriptBuildPhase section */
		5EBA3800EECDE8821A45CE51 /* [CP] Embed Pods Frameworks */ = {
			isa = PBXShellScriptBuildPhase;
			buildActionMask = 2147483647;
			files = (
			);
			inputPaths = (
				"${SRCROOT}/Pods/Target Support Files/Pods-Todoey/Pods-Todoey-frameworks.sh",
				"${BUILT_PRODUCTS_DIR}/Realm/Realm.framework",
				"${BUILT_PRODUCTS_DIR}/RealmSwift/RealmSwift.framework",
			);
			name = "[CP] Embed Pods Frameworks";
			outputPaths = (
				"${TARGET_BUILD_DIR}/${FRAMEWORKS_FOLDER_PATH}/Realm.framework",
				"${TARGET_BUILD_DIR}/${FRAMEWORKS_FOLDER_PATH}/RealmSwift.framework",
			);
			runOnlyForDeploymentPostprocessing = 0;
			shellPath = /bin/sh;
			shellScript = "\"${SRCROOT}/Pods/Target Support Files/Pods-Todoey/Pods-Todoey-frameworks.sh\"\n";
			showEnvVarsInLog = 0;
		};
		8EC4554C294B6ED59515B491 /* [CP] Copy Pods Resources */ = {
			isa = PBXShellScriptBuildPhase;
			buildActionMask = 2147483647;
			files = (
			);
			inputPaths = (
			);
			name = "[CP] Copy Pods Resources";
			outputPaths = (
			);
			runOnlyForDeploymentPostprocessing = 0;
			shellPath = /bin/sh;
			shellScript = "\"${SRCROOT}/Pods/Target Support Files/Pods-Todoey/Pods-Todoey-resources.sh\"\n";
			showEnvVarsInLog = 0;
		};
		9883AD77E50AF7E94ADDD567 /* [CP] Check Pods Manifest.lock */ = {
			isa = PBXShellScriptBuildPhase;
			buildActionMask = 2147483647;
			files = (
			);
			inputPaths = (
				"${PODS_PODFILE_DIR_PATH}/Podfile.lock",
				"${PODS_ROOT}/Manifest.lock",
			);
			name = "[CP] Check Pods Manifest.lock";
			outputPaths = (
				"$(DERIVED_FILE_DIR)/Pods-Todoey-checkManifestLockResult.txt",
			);
			runOnlyForDeploymentPostprocessing = 0;
			shellPath = /bin/sh;
			shellScript = "diff \"${PODS_PODFILE_DIR_PATH}/Podfile.lock\" \"${PODS_ROOT}/Manifest.lock\" > /dev/null\nif [ $? != 0 ] ; then\n    # print error to STDERR\n    echo \"error: The sandbox is not in sync with the Podfile.lock. Run 'pod install' or update your CocoaPods installation.\" >&2\n    exit 1\nfi\n# This output is used by Xcode 'outputs' to avoid re-running this script phase.\necho \"SUCCESS\" > \"${SCRIPT_OUTPUT_FILE_0}\"\n";
			showEnvVarsInLog = 0;
		};
/* End PBXShellScriptBuildPhase section */

/* Begin PBXSourcesBuildPhase section */
		CB7B76C420065B8800AFE252 /* Sources */ = {
			isa = PBXSourcesBuildPhase;
			buildActionMask = 2147483647;
			files = (
				9373C896200F86B80066CF61 /* CategoryViewController.swift in Sources */,
				CB7B76CE20065B8800AFE252 /* TodoListViewController.swift in Sources */,
				9339233B200DFC390070893A /* DataModel.xcdatamodeld in Sources */,
				CB7B76CC20065B8800AFE252 /* AppDelegate.swift in Sources */,
			);
			runOnlyForDeploymentPostprocessing = 0;
		};
/* End PBXSourcesBuildPhase section */

/* Begin PBXVariantGroup section */
		CB7B76CF20065B8800AFE252 /* Main.storyboard */ = {
			isa = PBXVariantGroup;
			children = (
				CB7B76D020065B8800AFE252 /* Base */,
			);
			name = Main.storyboard;
			sourceTree = "<group>";
		};
		CB7B76D420065B8800AFE252 /* LaunchScreen.storyboard */ = {
			isa = PBXVariantGroup;
			children = (
				CB7B76D520065B8800AFE252 /* Base */,
			);
			name = LaunchScreen.storyboard;
			sourceTree = "<group>";
		};
/* End PBXVariantGroup section */

/* Begin XCBuildConfiguration section */
		CB7B76D820065B8800AFE252 /* Debug */ = {
			isa = XCBuildConfiguration;
			buildSettings = {
				ALWAYS_SEARCH_USER_PATHS = NO;
				CLANG_ANALYZER_NONNULL = YES;
				CLANG_ANALYZER_NUMBER_OBJECT_CONVERSION = YES_AGGRESSIVE;
				CLANG_CXX_LANGUAGE_STANDARD = "gnu++14";
				CLANG_CXX_LIBRARY = "libc++";
				CLANG_ENABLE_MODULES = YES;
				CLANG_ENABLE_OBJC_ARC = YES;
				CLANG_WARN_BLOCK_CAPTURE_AUTORELEASING = YES;
				CLANG_WARN_BOOL_CONVERSION = YES;
				CLANG_WARN_COMMA = YES;
				CLANG_WARN_CONSTANT_CONVERSION = YES;
				CLANG_WARN_DIRECT_OBJC_ISA_USAGE = YES_ERROR;
				CLANG_WARN_DOCUMENTATION_COMMENTS = YES;
				CLANG_WARN_EMPTY_BODY = YES;
				CLANG_WARN_ENUM_CONVERSION = YES;
				CLANG_WARN_INFINITE_RECURSION = YES;
				CLANG_WARN_INT_CONVERSION = YES;
				CLANG_WARN_NON_LITERAL_NULL_CONVERSION = YES;
				CLANG_WARN_OBJC_LITERAL_CONVERSION = YES;
				CLANG_WARN_OBJC_ROOT_CLASS = YES_ERROR;
				CLANG_WARN_RANGE_LOOP_ANALYSIS = YES;
				CLANG_WARN_STRICT_PROTOTYPES = YES;
				CLANG_WARN_SUSPICIOUS_MOVE = YES;
				CLANG_WARN_UNGUARDED_AVAILABILITY = YES_AGGRESSIVE;
				CLANG_WARN_UNREACHABLE_CODE = YES;
				CLANG_WARN__DUPLICATE_METHOD_MATCH = YES;
				CODE_SIGN_IDENTITY = "iPhone Developer";
				COPY_PHASE_STRIP = NO;
				DEBUG_INFORMATION_FORMAT = dwarf;
				ENABLE_STRICT_OBJC_MSGSEND = YES;
				ENABLE_TESTABILITY = YES;
				GCC_C_LANGUAGE_STANDARD = gnu11;
				GCC_DYNAMIC_NO_PIC = NO;
				GCC_NO_COMMON_BLOCKS = YES;
				GCC_OPTIMIZATION_LEVEL = 0;
				GCC_PREPROCESSOR_DEFINITIONS = (
					"DEBUG=1",
					"$(inherited)",
				);
				GCC_WARN_64_TO_32_BIT_CONVERSION = YES;
				GCC_WARN_ABOUT_RETURN_TYPE = YES_ERROR;
				GCC_WARN_UNDECLARED_SELECTOR = YES;
				GCC_WARN_UNINITIALIZED_AUTOS = YES_AGGRESSIVE;
				GCC_WARN_UNUSED_FUNCTION = YES;
				GCC_WARN_UNUSED_VARIABLE = YES;
				IPHONEOS_DEPLOYMENT_TARGET = 11.2;
				MTL_ENABLE_DEBUG_INFO = YES;
				ONLY_ACTIVE_ARCH = YES;
				SDKROOT = iphoneos;
				SWIFT_ACTIVE_COMPILATION_CONDITIONS = DEBUG;
				SWIFT_OPTIMIZATION_LEVEL = "-Onone";
			};
			name = Debug;
		};
		CB7B76D920065B8800AFE252 /* Release */ = {
			isa = XCBuildConfiguration;
			buildSettings = {
				ALWAYS_SEARCH_USER_PATHS = NO;
				CLANG_ANALYZER_NONNULL = YES;
				CLANG_ANALYZER_NUMBER_OBJECT_CONVERSION = YES_AGGRESSIVE;
				CLANG_CXX_LANGUAGE_STANDARD = "gnu++14";
				CLANG_CXX_LIBRARY = "libc++";
				CLANG_ENABLE_MODULES = YES;
				CLANG_ENABLE_OBJC_ARC = YES;
				CLANG_WARN_BLOCK_CAPTURE_AUTORELEASING = YES;
				CLANG_WARN_BOOL_CONVERSION = YES;
				CLANG_WARN_COMMA = YES;
				CLANG_WARN_CONSTANT_CONVERSION = YES;
				CLANG_WARN_DIRECT_OBJC_ISA_USAGE = YES_ERROR;
				CLANG_WARN_DOCUMENTATION_COMMENTS = YES;
				CLANG_WARN_EMPTY_BODY = YES;
				CLANG_WARN_ENUM_CONVERSION = YES;
				CLANG_WARN_INFINITE_RECURSION = YES;
				CLANG_WARN_INT_CONVERSION = YES;
				CLANG_WARN_NON_LITERAL_NULL_CONVERSION = YES;
				CLANG_WARN_OBJC_LITERAL_CONVERSION = YES;
				CLANG_WARN_OBJC_ROOT_CLASS = YES_ERROR;
				CLANG_WARN_RANGE_LOOP_ANALYSIS = YES;
				CLANG_WARN_STRICT_PROTOTYPES = YES;
				CLANG_WARN_SUSPICIOUS_MOVE = YES;
				CLANG_WARN_UNGUARDED_AVAILABILITY = YES_AGGRESSIVE;
				CLANG_WARN_UNREACHABLE_CODE = YES;
				CLANG_WARN__DUPLICATE_METHOD_MATCH = YES;
				CODE_SIGN_IDENTITY = "iPhone Developer";
				COPY_PHASE_STRIP = NO;
				DEBUG_INFORMATION_FORMAT = "dwarf-with-dsym";
				ENABLE_NS_ASSERTIONS = NO;
				ENABLE_STRICT_OBJC_MSGSEND = YES;
				GCC_C_LANGUAGE_STANDARD = gnu11;
				GCC_NO_COMMON_BLOCKS = YES;
				GCC_WARN_64_TO_32_BIT_CONVERSION = YES;
				GCC_WARN_ABOUT_RETURN_TYPE = YES_ERROR;
				GCC_WARN_UNDECLARED_SELECTOR = YES;
				GCC_WARN_UNINITIALIZED_AUTOS = YES_AGGRESSIVE;
				GCC_WARN_UNUSED_FUNCTION = YES;
				GCC_WARN_UNUSED_VARIABLE = YES;
				IPHONEOS_DEPLOYMENT_TARGET = 11.2;
				MTL_ENABLE_DEBUG_INFO = NO;
				SDKROOT = iphoneos;
				SWIFT_OPTIMIZATION_LEVEL = "-Owholemodule";
				VALIDATE_PRODUCT = YES;
			};
			name = Release;
		};
		CB7B76DB20065B8800AFE252 /* Debug */ = {
			isa = XCBuildConfiguration;
			baseConfigurationReference = 2AD2C3AD54CABF8B142CB2DE /* Pods-Todoey.debug.xcconfig */;
			buildSettings = {
				ASSETCATALOG_COMPILER_APPICON_NAME = AppIcon;
				CODE_SIGN_STYLE = Automatic;
				DEVELOPMENT_TEAM = WY4KC73HRC;
				INFOPLIST_FILE = Todoey/Info.plist;
				LD_RUNPATH_SEARCH_PATHS = "$(inherited) @executable_path/Frameworks";
				PRODUCT_BUNDLE_IDENTIFIER = com.YPS.Todoey;
				PRODUCT_NAME = "$(TARGET_NAME)";
				SWIFT_VERSION = 4.0;
				TARGETED_DEVICE_FAMILY = "1,2";
			};
			name = Debug;
		};
		CB7B76DC20065B8800AFE252 /* Release */ = {
			isa = XCBuildConfiguration;
			baseConfigurationReference = B00F83FCEA8994E657B075AA /* Pods-Todoey.release.xcconfig */;
			buildSettings = {
				ASSETCATALOG_COMPILER_APPICON_NAME = AppIcon;
				CODE_SIGN_STYLE = Automatic;
				DEVELOPMENT_TEAM = WY4KC73HRC;
				INFOPLIST_FILE = Todoey/Info.plist;
				LD_RUNPATH_SEARCH_PATHS = "$(inherited) @executable_path/Frameworks";
				PRODUCT_BUNDLE_IDENTIFIER = com.YPS.Todoey;
				PRODUCT_NAME = "$(TARGET_NAME)";
				SWIFT_VERSION = 4.0;
				TARGETED_DEVICE_FAMILY = "1,2";
			};
			name = Release;
		};
/* End XCBuildConfiguration section */

/* Begin XCConfigurationList section */
		CB7B76C320065B8800AFE252 /* Build configuration list for PBXProject "Todoey" */ = {
			isa = XCConfigurationList;
			buildConfigurations = (
				CB7B76D820065B8800AFE252 /* Debug */,
				CB7B76D920065B8800AFE252 /* Release */,
			);
			defaultConfigurationIsVisible = 0;
			defaultConfigurationName = Release;
		};
		CB7B76DA20065B8800AFE252 /* Build configuration list for PBXNativeTarget "Todoey" */ = {
			isa = XCConfigurationList;
			buildConfigurations = (
				CB7B76DB20065B8800AFE252 /* Debug */,
				CB7B76DC20065B8800AFE252 /* Release */,
			);
			defaultConfigurationIsVisible = 0;
			defaultConfigurationName = Release;
		};
/* End XCConfigurationList section */

/* Begin XCVersionGroup section */
		93392339200DFC390070893A /* DataModel.xcdatamodeld */ = {
			isa = XCVersionGroup;
			children = (
				9339233A200DFC390070893A /* DataModel.xcdatamodel */,
			);
			currentVersion = 9339233A200DFC390070893A /* DataModel.xcdatamodel */;
			path = DataModel.xcdatamodeld;
			sourceTree = "<group>";
			versionGroupType = wrapper.xcdatamodel;
		};
/* End XCVersionGroup section */
	};
	rootObject = CB7B76C020065B8800AFE252 /* Project object */;
}
